
Microsoft Visual Studio Solution File, Format Version 12.00
# Visual Studio Version 17
VisualStudioVersion = 17.1.32328.378
MinimumVisualStudioVersion = 10.0.40219.1
Project("{FAE04EC0-301F-11D3-BF4B-00C04F79EFBC}") = "FigureAreaCalculator", "FigureAreaCalculator\FigureAreaCalculator.csproj", "{EF04147E-7668-4879-8961-D7F3B3AFD819}"
EndProject
Project("{FAE04EC0-301F-11D3-BF4B-00C04F79EFBC}") = "FigureAreaCalculatorConsleApp", "FigureAreaCalculatorConsleApp\FigureAreaCalculatorConsleApp.csproj", "{CBC70883-F96C-4971-8D97-F8C5B2CF6023}"
EndProject
Project("{FAE04EC0-301F-11D3-BF4B-00C04F79EFBC}") = "FigureAreaCalculatorTests", "FigureAreaCalculatorTests\FigureAreaCalculatorTests.csproj", "{791212CF-3839-4198-9340-B989555735F2}"
EndProject
Global
	GlobalSection(SolutionConfigurationPlatforms) = preSolution
		Debug|Any CPU = Debug|Any CPU
		Release|Any CPU = Release|Any CPU
	EndGlobalSection
	GlobalSection(ProjectConfigurationPlatforms) = postSolution
		{EF04147E-7668-4879-8961-D7F3B3AFD819}.Debug|Any CPU.ActiveCfg = Debug|Any CPU
		{EF04147E-7668-4879-8961-D7F3B3AFD819}.Debug|Any CPU.Build.0 = Debug|Any CPU
		{EF04147E-7668-4879-8961-D7F3B3AFD819}.Release|Any CPU.ActiveCfg = Release|Any CPU
		{EF04147E-7668-4879-8961-D7F3B3AFD819}.Release|Any CPU.Build.0 = Release|Any CPU
		{CBC70883-F96C-4971-8D97-F8C5B2CF6023}.Debug|Any CPU.ActiveCfg = Debug|Any CPU
		{CBC70883-F96C-4971-8D97-F8C5B2CF6023}.Debug|Any CPU.Build.0 = Debug|Any CPU
		{CBC70883-F96C-4971-8D97-F8C5B2CF6023}.Release|Any CPU.ActiveCfg = Release|Any CPU
		{CBC70883-F96C-4971-8D97-F8C5B2CF6023}.Release|Any CPU.Build.0 = Release|Any CPU
		{791212CF-3839-4198-9340-B989555735F2}.Debug|Any CPU.ActiveCfg = Debug|Any CPU
		{791212CF-3839-4198-9340-B989555735F2}.Debug|Any CPU.Build.0 = Debug|Any CPU
		{791212CF-3839-4198-9340-B989555735F2}.Release|Any CPU.ActiveCfg = Release|Any CPU
		{791212CF-3839-4198-9340-B989555735F2}.Release|Any CPU.Build.0 = Release|Any CPU
	EndGlobalSection
	GlobalSection(SolutionProperties) = preSolution
		HideSolutionNode = FALSE
	EndGlobalSection
	GlobalSection(ExtensibilityGlobals) = postSolution
		SolutionGuid = {01153D86-42DC-4BAF-9CE1-4FE45D1AD4EA}
	EndGlobalSection
EndGlobal
